
Microsoft Visual Studio Solution File, Format Version 12.00
# Visual Studio 15
VisualStudioVersion = 15.0.26730.12
MinimumVisualStudioVersion = 10.0.40219.1
Project("{FAE04EC0-301F-11D3-BF4B-00C04F79EFBC}") = "ADS", "ADS\ADS.csproj", "{FE6FA938-CA06-4DD1-B9B7-352E58647B8E}"
EndProject
Global
	GlobalSection(SolutionConfigurationPlatforms) = preSolution
		Debug|Any CPU = Debug|Any CPU
		Release|Any CPU = Release|Any CPU
	EndGlobalSection
	GlobalSection(ProjectConfigurationPlatforms) = postSolution
		{FE6FA938-CA06-4DD1-B9B7-352E58647B8E}.Debug|Any CPU.ActiveCfg = Debug|Any CPU
		{FE6FA938-CA06-4DD1-B9B7-352E58647B8E}.Debug|Any CPU.Build.0 = Debug|Any CPU
		{FE6FA938-CA06-4DD1-B9B7-352E58647B8E}.Release|Any CPU.ActiveCfg = Release|Any CPU
		{FE6FA938-CA06-4DD1-B9B7-352E58647B8E}.Release|Any CPU.Build.0 = Release|Any CPU
	EndGlobalSection
	GlobalSection(SolutionProperties) = preSolution
		HideSolutionNode = FALSE
	EndGlobalSection
	GlobalSection(ExtensibilityGlobals) = postSolution
		SolutionGuid = {F99537B2-18AE-4A26-8B8E-40ACEC9C5460}
	EndGlobalSection
EndGlobal
